
Microsoft Visual Studio Solution File, Format Version 12.00
# Visual Studio 15
VisualStudioVersion = 15.0.27703.2047
MinimumVisualStudioVersion = 10.0.40219.1
Project("{FAE04EC0-301F-11D3-BF4B-00C04F79EFBC}") = "DatExplorer", "DatExplorer\DatExplorer.csproj", "{924B182E-3798-4B63-BCCD-9C8F2602BDE1}"
EndProject
Project("{9A19103F-16F7-4668-BE54-9A1E7A4F7556}") = "ACE.Common", "ACE\Source\ACE.Common\ACE.Common.csproj", "{7390AA69-13B1-45B9-B50B-0261F7CD4A64}"
EndProject
Project("{9A19103F-16F7-4668-BE54-9A1E7A4F7556}") = "ACE.DatLoader", "ACE\Source\ACE.DatLoader\ACE.DatLoader.csproj", "{BAA1D75C-426A-44CA-A1B3-86FD101C7454}"
EndProject
Project("{9A19103F-16F7-4668-BE54-9A1E7A4F7556}") = "ACE.Entity", "ACE\Source\ACE.Entity\ACE.Entity.csproj", "{473B5235-8870-465B-AA73-AEEEBB51F53A}"
EndProject
Global
	GlobalSection(SolutionConfigurationPlatforms) = preSolution
		Debug|x64 = Debug|x64
		Release|x64 = Release|x64
	EndGlobalSection
	GlobalSection(ProjectConfigurationPlatforms) = postSolution
		{924B182E-3798-4B63-BCCD-9C8F2602BDE1}.Debug|x64.ActiveCfg = Debug|x64
		{924B182E-3798-4B63-BCCD-9C8F2602BDE1}.Debug|x64.Build.0 = Debug|x64
		{924B182E-3798-4B63-BCCD-9C8F2602BDE1}.Release|x64.ActiveCfg = Release|x64
		{924B182E-3798-4B63-BCCD-9C8F2602BDE1}.Release|x64.Build.0 = Release|x64
		{7390AA69-13B1-45B9-B50B-0261F7CD4A64}.Debug|x64.ActiveCfg = Debug|Any CPU
		{7390AA69-13B1-45B9-B50B-0261F7CD4A64}.Debug|x64.Build.0 = Debug|Any CPU
		{7390AA69-13B1-45B9-B50B-0261F7CD4A64}.Release|x64.ActiveCfg = Release|Any CPU
		{7390AA69-13B1-45B9-B50B-0261F7CD4A64}.Release|x64.Build.0 = Release|Any CPU
		{BAA1D75C-426A-44CA-A1B3-86FD101C7454}.Debug|x64.ActiveCfg = Debug|Any CPU
		{BAA1D75C-426A-44CA-A1B3-86FD101C7454}.Debug|x64.Build.0 = Debug|Any CPU
		{BAA1D75C-426A-44CA-A1B3-86FD101C7454}.Release|x64.ActiveCfg = Release|Any CPU
		{BAA1D75C-426A-44CA-A1B3-86FD101C7454}.Release|x64.Build.0 = Release|Any CPU
		{473B5235-8870-465B-AA73-AEEEBB51F53A}.Debug|x64.ActiveCfg = Debug|Any CPU
		{473B5235-8870-465B-AA73-AEEEBB51F53A}.Debug|x64.Build.0 = Debug|Any CPU
		{473B5235-8870-465B-AA73-AEEEBB51F53A}.Release|x64.ActiveCfg = Release|Any CPU
		{473B5235-8870-465B-AA73-AEEEBB51F53A}.Release|x64.Build.0 = Release|Any CPU
	EndGlobalSection
	GlobalSection(SolutionProperties) = preSolution
		HideSolutionNode = FALSE
	EndGlobalSection
	GlobalSection(ExtensibilityGlobals) = postSolution
		SolutionGuid = {225A88CC-FE83-49FD-B9F7-06B70E6DAEBB}
	EndGlobalSection
	GlobalSection(Performance) = preSolution
		HasPerformanceSessions = true
	EndGlobalSection
	GlobalSection(Performance) = preSolution
		HasPerformanceSessions = true
	EndGlobalSection
	GlobalSection(Performance) = preSolution
		HasPerformanceSessions = true
	EndGlobalSection
	GlobalSection(Performance) = preSolution
		HasPerformanceSessions = true
	EndGlobalSection
	GlobalSection(Performance) = preSolution
		HasPerformanceSessions = true
	EndGlobalSection
	GlobalSection(Performance) = preSolution
		HasPerformanceSessions = true
	EndGlobalSection
EndGlobal
